{
  "name": "camisa-vetor-app",
  "lockfileVersion": 3,
  "requires": true,
  "packages": {
    "": {
      "dependencies": {
        "tailwind-scrollbar-hide": "^4.0.0"
      }
    },
    "node_modules/tailwind-scrollbar-hide": {
      "version": "4.0.0",
      "resolved": "https://registry.npmjs.org/tailwind-scrollbar-hide/-/tailwind-scrollbar-hide-4.0.0.tgz",
      "integrity": "sha512-gobtvVcThB2Dxhy0EeYSS1RKQJ5baDFkamkhwBvzvevwX6L4XQfpZ3me9s25Ss1ecFVT5jPYJ50n+7xTBJG9WQ==",
      "license": "MIT",
      "peerDependencies": {
        "tailwindcss": ">=3.0.0 || >= 4.0.0 || >= 4.0.0-beta.8 || >= 4.0.0-alpha.20"
      }
    },
    "node_modules/tailwindcss": {
      "version": "4.2.4",
      "resolved": "https://registry.npmjs.org/tailwindcss/-/tailwindcss-4.2.4.tgz",
      "integrity": "sha512-HhKppgO81FQof5m6TEnuBWCZGgfRAWbaeOaGT00KOy/Pf/j6oUihdvBpA7ltCeAvZpFhW3j0PTclkxsd4IXYDA==",
      "license": "MIT",
      "peer": true
    }
  }
}
